
Microsoft Visual Studio Solution File, Format Version 12.00
# Visual Studio Version 16
VisualStudioVersion = 16.0.30804.86
MinimumVisualStudioVersion = 10.0.40219.1
Project("{FAE04EC0-301F-11D3-BF4B-00C04F79EFBC}") = "PhotoographyOnlineStore", "PhotoographyOnlineStore\PhotoographyOnlineStore.csproj", "{87394230-2187-4FC3-93FA-20ED11076431}"
EndProject
Global
	GlobalSection(SolutionConfigurationPlatforms) = preSolution
		Debug|Any CPU = Debug|Any CPU
		Release|Any CPU = Release|Any CPU
	EndGlobalSection
	GlobalSection(ProjectConfigurationPlatforms) = postSolution
		{87394230-2187-4FC3-93FA-20ED11076431}.Debug|Any CPU.ActiveCfg = Debug|Any CPU
		{87394230-2187-4FC3-93FA-20ED11076431}.Debug|Any CPU.Build.0 = Debug|Any CPU
		{87394230-2187-4FC3-93FA-20ED11076431}.Release|Any CPU.ActiveCfg = Release|Any CPU
		{87394230-2187-4FC3-93FA-20ED11076431}.Release|Any CPU.Build.0 = Release|Any CPU
	EndGlobalSection
	GlobalSection(SolutionProperties) = preSolution
		HideSolutionNode = FALSE
	EndGlobalSection
	GlobalSection(ExtensibilityGlobals) = postSolution
		SolutionGuid = {99A82F34-2E26-4B55-8BA4-2F593CB59788}
	EndGlobalSection
EndGlobal
